
Microsoft Visual Studio Solution File, Format Version 12.00
# Visual Studio Version 17
VisualStudioVersion = 17.9.34622.214
MinimumVisualStudioVersion = 10.0.40219.1
Project("{FAE04EC0-301F-11D3-BF4B-00C04F79EFBC}") = "тест2", "тест2\тест2.csproj", "{0EEBD272-3CAA-4DF5-B127-0C2FF8F2AA53}"
EndProject
Project("{FAE04EC0-301F-11D3-BF4B-00C04F79EFBC}") = "Auto2", "Auto2\Auto2.csproj", "{0DEBFD1D-E46F-42CB-A5F9-17F89E97E61F}"
EndProject
Global
	GlobalSection(SolutionConfigurationPlatforms) = preSolution
		Debug|Any CPU = Debug|Any CPU
		Release|Any CPU = Release|Any CPU
	EndGlobalSection
	GlobalSection(ProjectConfigurationPlatforms) = postSolution
		{0EEBD272-3CAA-4DF5-B127-0C2FF8F2AA53}.Debug|Any CPU.ActiveCfg = Debug|Any CPU
		{0EEBD272-3CAA-4DF5-B127-0C2FF8F2AA53}.Debug|Any CPU.Build.0 = Debug|Any CPU
		{0EEBD272-3CAA-4DF5-B127-0C2FF8F2AA53}.Release|Any CPU.ActiveCfg = Release|Any CPU
		{0EEBD272-3CAA-4DF5-B127-0C2FF8F2AA53}.Release|Any CPU.Build.0 = Release|Any CPU
		{0DEBFD1D-E46F-42CB-A5F9-17F89E97E61F}.Debug|Any CPU.ActiveCfg = Debug|Any CPU
		{0DEBFD1D-E46F-42CB-A5F9-17F89E97E61F}.Debug|Any CPU.Build.0 = Debug|Any CPU
		{0DEBFD1D-E46F-42CB-A5F9-17F89E97E61F}.Release|Any CPU.ActiveCfg = Release|Any CPU
		{0DEBFD1D-E46F-42CB-A5F9-17F89E97E61F}.Release|Any CPU.Build.0 = Release|Any CPU
	EndGlobalSection
	GlobalSection(SolutionProperties) = preSolution
		HideSolutionNode = FALSE
	EndGlobalSection
	GlobalSection(ExtensibilityGlobals) = postSolution
		SolutionGuid = {1FA7D020-03D3-4331-A65E-CD88D4477A6D}
	EndGlobalSection
EndGlobal
